
Microsoft Visual Studio Solution File, Format Version 12.00
# Visual Studio Version 17
VisualStudioVersion = 17.14.36603.0 d17.14
MinimumVisualStudioVersion = 10.0.40219.1
Project("{FAE04EC0-301F-11D3-BF4B-00C04F79EFBC}") = "Exo2_tp5", "Exo2_tp5\Exo2_tp5.csproj", "{CE5F214C-7E58-4266-B409-7258F05BE533}"
EndProject
Global
	GlobalSection(SolutionConfigurationPlatforms) = preSolution
		Debug|Any CPU = Debug|Any CPU
		Release|Any CPU = Release|Any CPU
	EndGlobalSection
	GlobalSection(ProjectConfigurationPlatforms) = postSolution
		{CE5F214C-7E58-4266-B409-7258F05BE533}.Debug|Any CPU.ActiveCfg = Debug|Any CPU
		{CE5F214C-7E58-4266-B409-7258F05BE533}.Debug|Any CPU.Build.0 = Debug|Any CPU
		{CE5F214C-7E58-4266-B409-7258F05BE533}.Release|Any CPU.ActiveCfg = Release|Any CPU
		{CE5F214C-7E58-4266-B409-7258F05BE533}.Release|Any CPU.Build.0 = Release|Any CPU
	EndGlobalSection
	GlobalSection(SolutionProperties) = preSolution
		HideSolutionNode = FALSE
	EndGlobalSection
	GlobalSection(ExtensibilityGlobals) = postSolution
		SolutionGuid = {C508495F-3E0E-49FC-B5EB-B721406DF7F5}
	EndGlobalSection
EndGlobal
