
Microsoft Visual Studio Solution File, Format Version 12.00
# Visual Studio Version 17
VisualStudioVersion = 17.14.36603.0 d17.14
MinimumVisualStudioVersion = 10.0.40219.1
Project("{FAE04EC0-301F-11D3-BF4B-00C04F79EFBC}") = "TP06_exo1", "TP06_exo1\TP06_exo1.csproj", "{DB6E648B-B2DB-4DCC-B680-3875BC94A250}"
EndProject
Global
	GlobalSection(SolutionConfigurationPlatforms) = preSolution
		Debug|Any CPU = Debug|Any CPU
		Release|Any CPU = Release|Any CPU
	EndGlobalSection
	GlobalSection(ProjectConfigurationPlatforms) = postSolution
		{DB6E648B-B2DB-4DCC-B680-3875BC94A250}.Debug|Any CPU.ActiveCfg = Debug|Any CPU
		{DB6E648B-B2DB-4DCC-B680-3875BC94A250}.Debug|Any CPU.Build.0 = Debug|Any CPU
		{DB6E648B-B2DB-4DCC-B680-3875BC94A250}.Release|Any CPU.ActiveCfg = Release|Any CPU
		{DB6E648B-B2DB-4DCC-B680-3875BC94A250}.Release|Any CPU.Build.0 = Release|Any CPU
	EndGlobalSection
	GlobalSection(SolutionProperties) = preSolution
		HideSolutionNode = FALSE
	EndGlobalSection
	GlobalSection(ExtensibilityGlobals) = postSolution
		SolutionGuid = {0C625CA8-5267-45C1-9105-1E4EF440F8C6}
	EndGlobalSection
EndGlobal
